
Microsoft Visual Studio Solution File, Format Version 12.00
# Visual Studio Version 17
VisualStudioVersion = 17.0.32112.339
MinimumVisualStudioVersion = 10.0.40219.1
Project("{9A19103F-16F7-4668-BE54-9A1E7A4F7556}") = "DrywallCalculator", "DrywallCalculator\DrywallCalculator.csproj", "{2535A94C-5F7B-4283-B011-5EDFDF301956}"
EndProject
Project("{9A19103F-16F7-4668-BE54-9A1E7A4F7556}") = "DrywallModels", "DrywallModels\DrywallModels.csproj", "{9DF60314-6427-4EBF-9BA1-2704E46E6224}"
EndProject
Project("{9A19103F-16F7-4668-BE54-9A1E7A4F7556}") = "DrywallDB", "DrywallDB\DrywallDB.csproj", "{647ACB0B-633E-46E3-AE1B-D9F4A16711DB}"
EndProject
Project("{FAE04EC0-301F-11D3-BF4B-00C04F79EFBC}") = "DrywallBLL", "DrywallBLL\DrywallBLL.csproj", "{20E68CC5-03C3-4254-AAAC-F461CC0B3877}"
EndProject
Global
	GlobalSection(SolutionConfigurationPlatforms) = preSolution
		Debug|Any CPU = Debug|Any CPU
		Release|Any CPU = Release|Any CPU
	EndGlobalSection
	GlobalSection(ProjectConfigurationPlatforms) = postSolution
		{2535A94C-5F7B-4283-B011-5EDFDF301956}.Debug|Any CPU.ActiveCfg = Debug|Any CPU
		{2535A94C-5F7B-4283-B011-5EDFDF301956}.Debug|Any CPU.Build.0 = Debug|Any CPU
		{2535A94C-5F7B-4283-B011-5EDFDF301956}.Release|Any CPU.ActiveCfg = Release|Any CPU
		{2535A94C-5F7B-4283-B011-5EDFDF301956}.Release|Any CPU.Build.0 = Release|Any CPU
		{9DF60314-6427-4EBF-9BA1-2704E46E6224}.Debug|Any CPU.ActiveCfg = Debug|Any CPU
		{9DF60314-6427-4EBF-9BA1-2704E46E6224}.Debug|Any CPU.Build.0 = Debug|Any CPU
		{9DF60314-6427-4EBF-9BA1-2704E46E6224}.Release|Any CPU.ActiveCfg = Release|Any CPU
		{9DF60314-6427-4EBF-9BA1-2704E46E6224}.Release|Any CPU.Build.0 = Release|Any CPU
		{647ACB0B-633E-46E3-AE1B-D9F4A16711DB}.Debug|Any CPU.ActiveCfg = Debug|Any CPU
		{647ACB0B-633E-46E3-AE1B-D9F4A16711DB}.Debug|Any CPU.Build.0 = Debug|Any CPU
		{647ACB0B-633E-46E3-AE1B-D9F4A16711DB}.Release|Any CPU.ActiveCfg = Release|Any CPU
		{647ACB0B-633E-46E3-AE1B-D9F4A16711DB}.Release|Any CPU.Build.0 = Release|Any CPU
		{20E68CC5-03C3-4254-AAAC-F461CC0B3877}.Debug|Any CPU.ActiveCfg = Debug|Any CPU
		{20E68CC5-03C3-4254-AAAC-F461CC0B3877}.Debug|Any CPU.Build.0 = Debug|Any CPU
		{20E68CC5-03C3-4254-AAAC-F461CC0B3877}.Release|Any CPU.ActiveCfg = Release|Any CPU
		{20E68CC5-03C3-4254-AAAC-F461CC0B3877}.Release|Any CPU.Build.0 = Release|Any CPU
	EndGlobalSection
	GlobalSection(SolutionProperties) = preSolution
		HideSolutionNode = FALSE
	EndGlobalSection
	GlobalSection(ExtensibilityGlobals) = postSolution
		SolutionGuid = {49AF1F7B-3156-40B5-92C3-611BF58C93C2}
	EndGlobalSection
EndGlobal
